
Microsoft Visual Studio Solution File, Format Version 12.00
# Visual Studio Version 17
VisualStudioVersion = 17.10.35027.167
MinimumVisualStudioVersion = 10.0.40219.1
Project("{FAE04EC0-301F-11D3-BF4B-00C04F79EFBC}") = "RdlcProject", "RdlcProject.csproj", "{203AD9CC-1B1F-469D-90EA-D216BD793FCC}"
EndProject
Global
	GlobalSection(SolutionConfigurationPlatforms) = preSolution
		Debug|Any CPU = Debug|Any CPU
		Release|Any CPU = Release|Any CPU
	EndGlobalSection
	GlobalSection(ProjectConfigurationPlatforms) = postSolution
		{203AD9CC-1B1F-469D-90EA-D216BD793FCC}.Debug|Any CPU.ActiveCfg = Debug|Any CPU
		{203AD9CC-1B1F-469D-90EA-D216BD793FCC}.Debug|Any CPU.Build.0 = Debug|Any CPU
		{203AD9CC-1B1F-469D-90EA-D216BD793FCC}.Release|Any CPU.ActiveCfg = Release|Any CPU
		{203AD9CC-1B1F-469D-90EA-D216BD793FCC}.Release|Any CPU.Build.0 = Release|Any CPU
	EndGlobalSection
	GlobalSection(SolutionProperties) = preSolution
		HideSolutionNode = FALSE
	EndGlobalSection
	GlobalSection(ExtensibilityGlobals) = postSolution
		SolutionGuid = {CF82D8E5-6F1E-463E-8944-559B24C4A15B}
	EndGlobalSection
EndGlobal
